
Microsoft Visual Studio Solution File, Format Version 12.00
# Visual Studio 15
VisualStudioVersion = 15.0.28307.757
MinimumVisualStudioVersion = 10.0.40219.1
Project("{FAE04EC0-301F-11D3-BF4B-00C04F79EFBC}") = "Blapaz.Buddy.Bundle", "Blapaz.Buddy.Bundle\Blapaz.Buddy.Bundle.csproj", "{63EAFAD7-D9E6-412A-B954-751CD90EC02F}"
	ProjectSection(ProjectDependencies) = postProject
		{4ED2DDE2-63BA-45DE-BF17-1D88B0D5A83A} = {4ED2DDE2-63BA-45DE-BF17-1D88B0D5A83A}
		{9B2367E8-FE7B-4E22-BB74-F5E05AB12339} = {9B2367E8-FE7B-4E22-BB74-F5E05AB12339}
	EndProjectSection
EndProject
Project("{FAE04EC0-301F-11D3-BF4B-00C04F79EFBC}") = "Blapaz.Buddy.Compiler.Library", "Blapaz.Buddy.Compiler.Library\Blapaz.Buddy.Compiler.Library.csproj", "{4ED2DDE2-63BA-45DE-BF17-1D88B0D5A83A}"
EndProject
Project("{FAE04EC0-301F-11D3-BF4B-00C04F79EFBC}") = "Blapaz.Buddy.Runtime.Library", "Blapaz.Buddy.Runtime.Library\Blapaz.Buddy.Runtime.Library.csproj", "{9B2367E8-FE7B-4E22-BB74-F5E05AB12339}"
EndProject
Project("{FAE04EC0-301F-11D3-BF4B-00C04F79EFBC}") = "Blapaz.Buddy.Compiler", "Blapaz.Buddy.Compiler\Blapaz.Buddy.Compiler.csproj", "{7F595D70-7479-4D31-9F0E-F796A95A13F3}"
EndProject
Project("{FAE04EC0-301F-11D3-BF4B-00C04F79EFBC}") = "Blapaz.Buddy.Runtime", "Blapaz.Buddy.Runtime\Blapaz.Buddy.Runtime.csproj", "{87D715F9-B57A-421E-8D44-30EA50AA0654}"
EndProject
Global
	GlobalSection(SolutionConfigurationPlatforms) = preSolution
		Debug|Any CPU = Debug|Any CPU
		Release|Any CPU = Release|Any CPU
	EndGlobalSection
	GlobalSection(ProjectConfigurationPlatforms) = postSolution
		{63EAFAD7-D9E6-412A-B954-751CD90EC02F}.Debug|Any CPU.ActiveCfg = Debug|Any CPU
		{63EAFAD7-D9E6-412A-B954-751CD90EC02F}.Debug|Any CPU.Build.0 = Debug|Any CPU
		{63EAFAD7-D9E6-412A-B954-751CD90EC02F}.Release|Any CPU.ActiveCfg = Release|Any CPU
		{63EAFAD7-D9E6-412A-B954-751CD90EC02F}.Release|Any CPU.Build.0 = Release|Any CPU
		{4ED2DDE2-63BA-45DE-BF17-1D88B0D5A83A}.Debug|Any CPU.ActiveCfg = Debug|Any CPU
		{4ED2DDE2-63BA-45DE-BF17-1D88B0D5A83A}.Debug|Any CPU.Build.0 = Debug|Any CPU
		{4ED2DDE2-63BA-45DE-BF17-1D88B0D5A83A}.Release|Any CPU.ActiveCfg = Release|Any CPU
		{4ED2DDE2-63BA-45DE-BF17-1D88B0D5A83A}.Release|Any CPU.Build.0 = Release|Any CPU
		{9B2367E8-FE7B-4E22-BB74-F5E05AB12339}.Debug|Any CPU.ActiveCfg = Debug|Any CPU
		{9B2367E8-FE7B-4E22-BB74-F5E05AB12339}.Debug|Any CPU.Build.0 = Debug|Any CPU
		{9B2367E8-FE7B-4E22-BB74-F5E05AB12339}.Release|Any CPU.ActiveCfg = Release|Any CPU
		{9B2367E8-FE7B-4E22-BB74-F5E05AB12339}.Release|Any CPU.Build.0 = Release|Any CPU
		{7F595D70-7479-4D31-9F0E-F796A95A13F3}.Debug|Any CPU.ActiveCfg = Debug|Any CPU
		{7F595D70-7479-4D31-9F0E-F796A95A13F3}.Debug|Any CPU.Build.0 = Debug|Any CPU
		{7F595D70-7479-4D31-9F0E-F796A95A13F3}.Release|Any CPU.ActiveCfg = Release|Any CPU
		{7F595D70-7479-4D31-9F0E-F796A95A13F3}.Release|Any CPU.Build.0 = Release|Any CPU
		{87D715F9-B57A-421E-8D44-30EA50AA0654}.Debug|Any CPU.ActiveCfg = Debug|Any CPU
		{87D715F9-B57A-421E-8D44-30EA50AA0654}.Debug|Any CPU.Build.0 = Debug|Any CPU
		{87D715F9-B57A-421E-8D44-30EA50AA0654}.Release|Any CPU.ActiveCfg = Release|Any CPU
		{87D715F9-B57A-421E-8D44-30EA50AA0654}.Release|Any CPU.Build.0 = Release|Any CPU
	EndGlobalSection
	GlobalSection(SolutionProperties) = preSolution
		HideSolutionNode = FALSE
	EndGlobalSection
	GlobalSection(ExtensibilityGlobals) = postSolution
		SolutionGuid = {E2C49705-3DDF-4822-A53B-47C33F0FC247}
	EndGlobalSection
EndGlobal
